
Microsoft Visual Studio Solution File, Format Version 12.00
# Visual Studio 15
VisualStudioVersion = 15.0.28307.1082
MinimumVisualStudioVersion = 10.0.40219.1
Project("{FAE04EC0-301F-11D3-BF4B-00C04F79EFBC}") = "ColonizationIO", "ColonizationIO\ColonizationIO.csproj", "{60412FF5-356E-40EB-A07F-8C2C1F31E097}"
EndProject
Global
	GlobalSection(SolutionConfigurationPlatforms) = preSolution
		Debug|Any CPU = Debug|Any CPU
		Release|Any CPU = Release|Any CPU
	EndGlobalSection
	GlobalSection(ProjectConfigurationPlatforms) = postSolution
		{60412FF5-356E-40EB-A07F-8C2C1F31E097}.Debug|Any CPU.ActiveCfg = Debug|Any CPU
		{60412FF5-356E-40EB-A07F-8C2C1F31E097}.Debug|Any CPU.Build.0 = Debug|Any CPU
		{60412FF5-356E-40EB-A07F-8C2C1F31E097}.Release|Any CPU.ActiveCfg = Release|Any CPU
		{60412FF5-356E-40EB-A07F-8C2C1F31E097}.Release|Any CPU.Build.0 = Release|Any CPU
	EndGlobalSection
	GlobalSection(SolutionProperties) = preSolution
		HideSolutionNode = FALSE
	EndGlobalSection
	GlobalSection(ExtensibilityGlobals) = postSolution
		SolutionGuid = {E0F70D71-0898-4D88-93CC-426A23288E40}
	EndGlobalSection
EndGlobal
